// !$*UTF8*$!
{
	archiveVersion = 1;
	classes = {
	};
	objectVersion = 46;
	objects = {

/* Begin PBXBuildFile section */
		42C165B71A979345004B119F /* AppDelegate.swift in Sources */ = {isa = PBXBuildFile; fileRef = 42C165B61A979345004B119F /* AppDelegate.swift */; };
		42C165BA1A979345004B119F /* FacebookAndTwitterShare.xcdatamodeld in Sources */ = {isa = PBXBuildFile; fileRef = 42C165B81A979345004B119F /* FacebookAndTwitterShare.xcdatamodeld */; };
		42C165BC1A979345004B119F /* ViewController.swift in Sources */ = {isa = PBXBuildFile; fileRef = 42C165BB1A979345004B119F /* ViewController.swift */; };
		42C165BF1A979345004B119F /* Main.storyboard in Resources */ = {isa = PBXBuildFile; fileRef = 42C165BD1A979345004B119F /* Main.storyboard */; };
		42C165C11A979345004B119F /* Images.xcassets in Resources */ = {isa = PBXBuildFile; fileRef = 42C165C01A979345004B119F /* Images.xcassets */; };
		42C165C41A979345004B119F /* LaunchScreen.xib in Resources */ = {isa = PBXBuildFile; fileRef = 42C165C21A979345004B119F /* LaunchScreen.xib */; };
		42C165D01A979345004B119F /* FacebookAndTwitterShareTests.swift in Sources */ = {isa = PBXBuildFile; fileRef = 42C165CF1A979345004B119F /* FacebookAndTwitterShareTests.swift */; };
/* End PBXBuildFile section */

/* Begin PBXContainerItemProxy section */
		42C165CA1A979345004B119F /* PBXContainerItemProxy */ = {
			isa = PBXContainerItemProxy;
			containerPortal = 42C165A91A979345004B119F /* Project object */;
			proxyType = 1;
			remoteGlobalIDString = 42C165B01A979345004B119F;
			remoteInfo = FacebookAndTwitterShare;
		};
/* End PBXContainerItemProxy section */

/* Begin PBXFileReference section */
		42C165B11A979345004B119F /* FacebookAndTwitterShare.app */ = {isa = PBXFileReference; explicitFileType = wrapper.application; includeInIndex = 0; path = FacebookAndTwitterShare.app; sourceTree = BUILT_PRODUCTS_DIR; };
		42C165B51A979345004B119F /* Info.plist */ = {isa = PBXFileReference; lastKnownFileType = text.plist.xml; path = Info.plist; sourceTree = "<group>"; };
		42C165B61A979345004B119F /* AppDelegate.swift */ = {isa = PBXFileReference; lastKnownFileType = sourcecode.swift; path = AppDelegate.swift; sourceTree = "<group>"; };
		42C165B91A979345004B119F /* FacebookAndTwitterShare.xcdatamodel */ = {isa = PBXFileReference; lastKnownFileType = wrapper.xcdatamodel; path = FacebookAndTwitterShare.xcdatamodel; sourceTree = "<group>"; };
		42C165BB1A979345004B119F /* ViewController.swift */ = {isa = PBXFileReference; lastKnownFileType = sourcecode.swift; path = ViewController.swift; sourceTree = "<group>"; };
		42C165BE1A979345004B119F /* Base */ = {isa = PBXFileReference; lastKnownFileType = file.storyboard; name = Base; path = Base.lproj/Main.storyboard; sourceTree = "<group>"; };
		42C165C01A979345004B119F /* Images.xcassets */ = {isa = PBXFileReference; lastKnownFileType = folder.assetcatalog; path = Images.xcassets; sourceTree = "<group>"; };
		42C165C31A979345004B119F /* Base */ = {isa = PBXFileReference; lastKnownFileType = file.xib; name = Base; path = Base.lproj/LaunchScreen.xib; sourceTree = "<group>"; };
		42C165C91A979345004B119F /* FacebookAndTwitterShareTests.xctest */ = {isa = PBXFileReference; explicitFileType = wrapper.cfbundle; includeInIndex = 0; path = FacebookAndTwitterShareTests.xctest; sourceTree = BUILT_PRODUCTS_DIR; };
		42C165CE1A979345004B119F /* Info.plist */ = {isa = PBXFileReference; lastKnownFileType = text.plist.xml; path = Info.plist; sourceTree = "<group>"; };
		42C165CF1A979345004B119F /* FacebookAndTwitterShareTests.swift */ = {isa = PBXFileReference; lastKnownFileType = sourcecode.swift; path = FacebookAndTwitterShareTests.swift; sourceTree = "<group>"; };
/* End PBXFileReference section */

/* Begin PBXFrameworksBuildPhase section */
		42C165AE1A979345004B119F /* Frameworks */ = {
			isa = PBXFrameworksBuildPhase;
			buildActionMask = 2147483647;
			files = (
			);
			runOnlyForDeploymentPostprocessing = 0;
		};
		42C165C61A979345004B119F /* Frameworks */ = {
			isa = PBXFrameworksBuildPhase;
			buildActionMask = 2147483647;
			files = (
			);
			runOnlyForDeploymentPostprocessing = 0;
		};
/* End PBXFrameworksBuildPhase section */

/* Begin PBXGroup section */
		42C165A81A979345004B119F = {
			isa = PBXGroup;
			children = (
				42C165B31A979345004B119F /* FacebookAndTwitterShare */,
				42C165CC1A979345004B119F /* FacebookAndTwitterShareTests */,
				42C165B21A979345004B119F /* Products */,
			);
			sourceTree = "<group>";
		};
		42C165B21A979345004B119F /* Products */ = {
			isa = PBXGroup;
			children = (
				42C165B11A979345004B119F /* FacebookAndTwitterShare.app */,
				42C165C91A979345004B119F /* FacebookAndTwitterShareTests.xctest */,
			);
			name = Products;
			sourceTree = "<group>";
		};
		42C165B31A979345004B119F /* FacebookAndTwitterShare */ = {
			isa = PBXGroup;
			children = (
				42C165B61A979345004B119F /* AppDelegate.swift */,
				42C165BB1A979345004B119F /* ViewController.swift */,
				42C165BD1A979345004B119F /* Main.storyboard */,
				42C165C01A979345004B119F /* Images.xcassets */,
				42C165C21A979345004B119F /* LaunchScreen.xib */,
				42C165B81A979345004B119F /* FacebookAndTwitterShare.xcdatamodeld */,
				42C165B41A979345004B119F /* Supporting Files */,
			);
			path = FacebookAndTwitterShare;
			sourceTree = "<group>";
		};
		42C165B41A979345004B119F /* Supporting Files */ = {
			isa = PBXGroup;
			children = (
				42C165B51A979345004B119F /* Info.plist */,
			);
			name = "Supporting Files";
			sourceTree = "<group>";
		};
		42C165CC1A979345004B119F /* FacebookAndTwitterShareTests */ = {
			isa = PBXGroup;
			children = (
				42C165CF1A979345004B119F /* FacebookAndTwitterShareTests.swift */,
				42C165CD1A979345004B119F /* Supporting Files */,
			);
			path = FacebookAndTwitterShareTests;
			sourceTree = "<group>";
		};
		42C165CD1A979345004B119F /* Supporting Files */ = {
			isa = PBXGroup;
			children = (
				42C165CE1A979345004B119F /* Info.plist */,
			);
			name = "Supporting Files";
			sourceTree = "<group>";
		};
/* End PBXGroup section */

/* Begin PBXNativeTarget section */
		42C165B01A979345004B119F /* FacebookAndTwitterShare */ = {
			isa = PBXNativeTarget;
			buildConfigurationList = 42C165D31A979345004B119F /* Build configuration list for PBXNativeTarget "FacebookAndTwitterShare" */;
			buildPhases = (
				42C165AD1A979345004B119F /* Sources */,
				42C165AE1A979345004B119F /* Frameworks */,
				42C165AF1A979345004B119F /* Resources */,
			);
			buildRules = (
			);
			dependencies = (
			);
			name = FacebookAndTwitterShare;
			productName = FacebookAndTwitterShare;
			productReference = 42C165B11A979345004B119F /* FacebookAndTwitterShare.app */;
			productType = "com.apple.product-type.application";
		};
		42C165C81A979345004B119F /* FacebookAndTwitterShareTests */ = {
			isa = PBXNativeTarget;
			buildConfigurationList = 42C165D61A979345004B119F /* Build configuration list for PBXNativeTarget "FacebookAndTwitterShareTests" */;
			buildPhases = (
				42C165C51A979345004B119F /* Sources */,
				42C165C61A979345004B119F /* Frameworks */,
				42C165C71A979345004B119F /* Resources */,
			);
			buildRules = (
			);
			dependencies = (
				42C165CB1A979345004B119F /* PBXTargetDependency */,
			);
			name = FacebookAndTwitterShareTests;
			productName = FacebookAndTwitterShareTests;
			productReference = 42C165C91A979345004B119F /* FacebookAndTwitterShareTests.xctest */;
			productType = "com.apple.product-type.bundle.unit-test";
		};
/* End PBXNativeTarget section */

/* Begin PBXProject section */
		42C165A91A979345004B119F /* Project object */ = {
			isa = PBXProject;
			attributes = {
				LastUpgradeCheck = 0600;
				ORGANIZATIONNAME = PanaCloud;
				TargetAttributes = {
					42C165B01A979345004B119F = {
						CreatedOnToolsVersion = 6.0.1;
					};
					42C165C81A979345004B119F = {
						CreatedOnToolsVersion = 6.0.1;
						TestTargetID = 42C165B01A979345004B119F;
					};
				};
			};
			buildConfigurationList = 42C165AC1A979345004B119F /* Build configuration list for PBXProject "FacebookAndTwitterShare" */;
			compatibilityVersion = "Xcode 3.2";
			developmentRegion = English;
			hasScannedForEncodings = 0;
			knownRegions = (
				en,
				Base,
			);
			mainGroup = 42C165A81A979345004B119F;
			productRefGroup = 42C165B21A979345004B119F /* Products */;
			projectDirPath = "";
			projectRoot = "";
			targets = (
				42C165B01A979345004B119F /* FacebookAndTwitterShare */,
				42C165C81A979345004B119F /* FacebookAndTwitterShareTests */,
			);
		};
/* End PBXProject section */

/* Begin PBXResourcesBuildPhase section */
		42C165AF1A979345004B119F /* Resources */ = {
			isa = PBXResourcesBuildPhase;
			buildActionMask = 2147483647;
			files = (
				42C165BF1A979345004B119F /* Main.storyboard in Resources */,
				42C165C41A979345004B119F /* LaunchScreen.xib in Resources */,
				42C165C11A979345004B119F /* Images.xcassets in Resources */,
			);
			runOnlyForDeploymentPostprocessing = 0;
		};
		42C165C71A979345004B119F /* Resources */ = {
			isa = PBXResourcesBuildPhase;
			buildActionMask = 2147483647;
			files = (
			);
			runOnlyForDeploymentPostprocessing = 0;
		};
/* End PBXResourcesBuildPhase section */

/* Begin PBXSourcesBuildPhase section */
		42C165AD1A979345004B119F /* Sources */ = {
			isa = PBXSourcesBuildPhase;
			buildActionMask = 2147483647;
			files = (
				42C165BC1A979345004B119F /* ViewController.swift in Sources */,
				42C165B71A979345004B119F /* AppDelegate.swift in Sources */,
				42C165BA1A979345004B119F /* FacebookAndTwitterShare.xcdatamodeld in Sources */,
			);
			runOnlyForDeploymentPostprocessing = 0;
		};
		42C165C51A979345004B119F /* Sources */ = {
			isa = PBXSourcesBuildPhase;
			buildActionMask = 2147483647;
			files = (
				42C165D01A979345004B119F /* FacebookAndTwitterShareTests.swift in Sources */,
			);
			runOnlyForDeploymentPostprocessing = 0;
		};
/* End PBXSourcesBuildPhase section */

/* Begin PBXTargetDependency section */
		42C165CB1A979345004B119F /* PBXTargetDependency */ = {
			isa = PBXTargetDependency;
			target = 42C165B01A979345004B119F /* FacebookAndTwitterShare */;
			targetProxy = 42C165CA1A979345004B119F /* PBXContainerItemProxy */;
		};
/* End PBXTargetDependency section */

/* Begin PBXVariantGroup section */
		42C165BD1A979345004B119F /* Main.storyboard */ = {
			isa = PBXVariantGroup;
			children = (
				42C165BE1A979345004B119F /* Base */,
			);
			name = Main.storyboard;
			sourceTree = "<group>";
		};
		42C165C21A979345004B119F /* LaunchScreen.xib */ = {
			isa = PBXVariantGroup;
			children = (
				42C165C31A979345004B119F /* Base */,
			);
			name = LaunchScreen.xib;
			sourceTree = "<group>";
		};
/* End PBXVariantGroup section */

/* Begin XCBuildConfiguration section */
		42C165D11A979345004B119F /* Debug */ = {
			isa = XCBuildConfiguration;
			buildSettings = {
				ALWAYS_SEARCH_USER_PATHS = NO;
				CLANG_CXX_LANGUAGE_STANDARD = "gnu++0x";
				CLANG_CXX_LIBRARY = "libc++";
				CLANG_ENABLE_MODULES = YES;
				CLANG_ENABLE_OBJC_ARC = YES;
				CLANG_WARN_BOOL_CONVERSION = YES;
				CLANG_WARN_CONSTANT_CONVERSION = YES;
				CLANG_WARN_DIRECT_OBJC_ISA_USAGE = YES_ERROR;
				CLANG_WARN_EMPTY_BODY = YES;
				CLANG_WARN_ENUM_CONVERSION = YES;
				CLANG_WARN_INT_CONVERSION = YES;
				CLANG_WARN_OBJC_ROOT_CLASS = YES_ERROR;
				CLANG_WARN_UNREACHABLE_CODE = YES;
				CLANG_WARN__DUPLICATE_METHOD_MATCH = YES;
				"CODE_SIGN_IDENTITY[sdk=iphoneos*]" = "iPhone Developer";
				COPY_PHASE_STRIP = NO;
				ENABLE_STRICT_OBJC_MSGSEND = YES;
				GCC_C_LANGUAGE_STANDARD = gnu99;
				GCC_DYNAMIC_NO_PIC = NO;
				GCC_OPTIMIZATION_LEVEL = 0;
				GCC_PREPROCESSOR_DEFINITIONS = (
					"DEBUG=1",
					"$(inherited)",
				);
				GCC_SYMBOLS_PRIVATE_EXTERN = NO;
				GCC_WARN_64_TO_32_BIT_CONVERSION = YES;
				GCC_WARN_ABOUT_RETURN_TYPE = YES_ERROR;
				GCC_WARN_UNDECLARED_SELECTOR = YES;
				GCC_WARN_UNINITIALIZED_AUTOS = YES_AGGRESSIVE;
				GCC_WARN_UNUSED_FUNCTION = YES;
				GCC_WARN_UNUSED_VARIABLE = YES;
				IPHONEOS_DEPLOYMENT_TARGET = 8.0;
				MTL_ENABLE_DEBUG_INFO = YES;
				ONLY_ACTIVE_ARCH = YES;
				SDKROOT = iphoneos;
				SWIFT_OPTIMIZATION_LEVEL = "-Onone";
			};
			name = Debug;
		};
		42C165D21A979345004B119F /* Release */ = {
			isa = XCBuildConfiguration;
			buildSettings = {
				ALWAYS_SEARCH_USER_PATHS = NO;
				CLANG_CXX_LANGUAGE_STANDARD = "gnu++0x";
				CLANG_CXX_LIBRARY = "libc++";
				CLANG_ENABLE_MODULES = YES;
				CLANG_ENABLE_OBJC_ARC = YES;
				CLANG_WARN_BOOL_CONVERSION = YES;
				CLANG_WARN_CONSTANT_CONVERSION = YES;
				CLANG_WARN_DIRECT_OBJC_ISA_USAGE = YES_ERROR;
				CLANG_WARN_EMPTY_BODY = YES;
				CLANG_WARN_ENUM_CONVERSION = YES;
				CLANG_WARN_INT_CONVERSION = YES;
				CLANG_WARN_OBJC_ROOT_CLASS = YES_ERROR;
				CLANG_WARN_UNREACHABLE_CODE = YES;
				CLANG_WARN__DUPLICATE_METHOD_MATCH = YES;
				"CODE_SIGN_IDENTITY[sdk=iphoneos*]" = "iPhone Developer";
				COPY_PHASE_STRIP = YES;
				ENABLE_NS_ASSERTIONS = NO;
				ENABLE_STRICT_OBJC_MSGSEND = YES;
				GCC_C_LANGUAGE_STANDARD = gnu99;
				GCC_WARN_64_TO_32_BIT_CONVERSION = YES;
				GCC_WARN_ABOUT_RETURN_TYPE = YES_ERROR;
				GCC_WARN_UNDECLARED_SELECTOR = YES;
				GCC_WARN_UNINITIALIZED_AUTOS = YES_AGGRESSIVE;
				GCC_WARN_UNUSED_FUNCTION = YES;
				GCC_WARN_UNUSED_VARIABLE = YES;
				IPHONEOS_DEPLOYMENT_TARGET = 8.0;
				MTL_ENABLE_DEBUG_INFO = NO;
				SDKROOT = iphoneos;
				VALIDATE_PRODUCT = YES;
			};
			name = Release;
		};
		42C165D41A979345004B119F /* Debug */ = {
			isa = XCBuildConfiguration;
			buildSettings = {
				ASSETCATALOG_COMPILER_APPICON_NAME = AppIcon;
				INFOPLIST_FILE = FacebookAndTwitterShare/Info.plist;
				LD_RUNPATH_SEARCH_PATHS = "$(inherited) @executable_path/Frameworks";
				PRODUCT_NAME = "$(TARGET_NAME)";
			};
			name = Debug;
		};
		42C165D51A979345004B119F /* Release */ = {
			isa = XCBuildConfiguration;
			buildSettings = {
				ASSETCATALOG_COMPILER_APPICON_NAME = AppIcon;
				INFOPLIST_FILE = FacebookAndTwitterShare/Info.plist;
				LD_RUNPATH_SEARCH_PATHS = "$(inherited) @executable_path/Frameworks";
				PRODUCT_NAME = "$(TARGET_NAME)";
			};
			name = Release;
		};
		42C165D71A979345004B119F /* Debug */ = {
			isa = XCBuildConfiguration;
			buildSettings = {
				BUNDLE_LOADER = "$(TEST_HOST)";
				FRAMEWORK_SEARCH_PATHS = (
					"$(SDKROOT)/Developer/Library/Frameworks",
					"$(inherited)",
				);
				GCC_PREPROCESSOR_DEFINITIONS = (
					"DEBUG=1",
					"$(inherited)",
				);
				INFOPLIST_FILE = FacebookAndTwitterShareTests/Info.plist;
				LD_RUNPATH_SEARCH_PATHS = "$(inherited) @executable_path/Frameworks @loader_path/Frameworks";
				PRODUCT_NAME = "$(TARGET_NAME)";
				TEST_HOST = "$(BUILT_PRODUCTS_DIR)/FacebookAndTwitterShare.app/FacebookAndTwitterShare";
			};
			name = Debug;
		};
		42C165D81A979345004B119F /* Release */ = {
			isa = XCBuildConfiguration;
			buildSettings = {
				BUNDLE_LOADER = "$(TEST_HOST)";
				FRAMEWORK_SEARCH_PATHS = (
					"$(SDKROOT)/Developer/Library/Frameworks",
					"$(inherited)",
				);
				INFOPLIST_FILE = FacebookAndTwitterShareTests/Info.plist;
				LD_RUNPATH_SEARCH_PATHS = "$(inherited) @executable_path/Frameworks @loader_path/Frameworks";
				PRODUCT_NAME = "$(TARGET_NAME)";
				TEST_HOST = "$(BUILT_PRODUCTS_DIR)/FacebookAndTwitterShare.app/FacebookAndTwitterShare";
			};
			name = Release;
		};
/* End XCBuildConfiguration section */

/* Begin XCConfigurationList section */
		42C165AC1A979345004B119F /* Build configuration list for PBXProject "FacebookAndTwitterShare" */ = {
			isa = XCConfigurationList;
			buildConfigurations = (
				42C165D11A979345004B119F /* Debug */,
				42C165D21A979345004B119F /* Release */,
			);
			defaultConfigurationIsVisible = 0;
			defaultConfigurationName = Release;
		};
		42C165D31A979345004B119F /* Build configuration list for PBXNativeTarget "FacebookAndTwitterShare" */ = {
			isa = XCConfigurationList;
			buildConfigurations = (
				42C165D41A979345004B119F /* Debug */,
				42C165D51A979345004B119F /* Release */,
			);
			defaultConfigurationIsVisible = 0;
		};
		42C165D61A979345004B119F /* Build configuration list for PBXNativeTarget "FacebookAndTwitterShareTests" */ = {
			isa = XCConfigurationList;
			buildConfigurations = (
				42C165D71A979345004B119F /* Debug */,
				42C165D81A979345004B119F /* Release */,
			);
			defaultConfigurationIsVisible = 0;
		};
/* End XCConfigurationList section */

/* Begin XCVersionGroup section */
		42C165B81A979345004B119F /* FacebookAndTwitterShare.xcdatamodeld */ = {
			isa = XCVersionGroup;
			children = (
				42C165B91A979345004B119F /* FacebookAndTwitterShare.xcdatamodel */,
			);
			currentVersion = 42C165B91A979345004B119F /* FacebookAndTwitterShare.xcdatamodel */;
			path = FacebookAndTwitterShare.xcdatamodeld;
			sourceTree = "<group>";
			versionGroupType = wrapper.xcdatamodel;
		};
/* End XCVersionGroup section */
	};
	rootObject = 42C165A91A979345004B119F /* Project object */;
}
